github.com/damoncoo/goproxy/ext v0.0.0-20220507025857-12fb26e01abc h1:/yNc3kS5Xx7HlW01JmfqisFNwKCoZUnoyxoCkjA7hN4=
github.com/damoncoo/goproxy/ext v0.0.0-20220507025857-12fb26e01abc/go.mod h1:BW+pKAyaDzn1SXwznpK6EbaOycOEsXgONSJ9FmOEqt0=
github.com/rogpeppe/go-charset v0.0.0-20180617210344-2471d30d28b4/go.mod h1:qgYeAmZ5ZIpBWTGllZSQnw97Dj+woV0toclVaRGI8pc=
